// !$*UTF8*$!
{
	archiveVersion = 1;
	classes = {
	};
	objectVersion = 50;
	objects = {

/* Begin PBXBuildFile section */
		77E84A8720C2021400357650 /* AppDelegate.swift in Sources */ = {isa = PBXBuildFile; fileRef = 77E84A8620C2021400357650 /* AppDelegate.swift */; };
		77E84A8920C2021400357650 /* ViewController.swift in Sources */ = {isa = PBXBuildFile; fileRef = 77E84A8820C2021400357650 /* ViewController.swift */; };
		77E84A8C20C2021400357650 /* Main.storyboard in Resources */ = {isa = PBXBuildFile; fileRef = 77E84A8A20C2021400357650 /* Main.storyboard */; };
		77E84A8F20C2021400357650 /* RandomNumberDelegate.xcdatamodeld in Sources */ = {isa = PBXBuildFile; fileRef = 77E84A8D20C2021400357650 /* RandomNumberDelegate.xcdatamodeld */; };
		77E84A9120C2021600357650 /* Assets.xcassets in Resources */ = {isa = PBXBuildFile; fileRef = 77E84A9020C2021600357650 /* Assets.xcassets */; };
		77E84A9420C2021600357650 /* LaunchScreen.storyboard in Resources */ = {isa = PBXBuildFile; fileRef = 77E84A9220C2021600357650 /* LaunchScreen.storyboard */; };
		77E84A9C20C206B400357650 /* GuessInputViewController.swift in Sources */ = {isa = PBXBuildFile; fileRef = 77E84A9B20C206B400357650 /* GuessInputViewController.swift */; };
/* End PBXBuildFile section */

/* Begin PBXFileReference section */
		77E84A8320C2021400357650 /* RandomNumberDelegate.app */ = {isa = PBXFileReference; explicitFileType = wrapper.application; includeInIndex = 0; path = RandomNumberDelegate.app; sourceTree = BUILT_PRODUCTS_DIR; };
		77E84A8620C2021400357650 /* AppDelegate.swift */ = {isa = PBXFileReference; lastKnownFileType = sourcecode.swift; path = AppDelegate.swift; sourceTree = "<group>"; };
		77E84A8820C2021400357650 /* ViewController.swift */ = {isa = PBXFileReference; lastKnownFileType = sourcecode.swift; path = ViewController.swift; sourceTree = "<group>"; };
		77E84A8B20C2021400357650 /* Base */ = {isa = PBXFileReference; lastKnownFileType = file.storyboard; name = Base; path = Base.lproj/Main.storyboard; sourceTree = "<group>"; };
		77E84A8E20C2021400357650 /* RandomNumberDelegate.xcdatamodel */ = {isa = PBXFileReference; lastKnownFileType = wrapper.xcdatamodel; path = RandomNumberDelegate.xcdatamodel; sourceTree = "<group>"; };
		77E84A9020C2021600357650 /* Assets.xcassets */ = {isa = PBXFileReference; lastKnownFileType = folder.assetcatalog; path = Assets.xcassets; sourceTree = "<group>"; };
		77E84A9320C2021600357650 /* Base */ = {isa = PBXFileReference; lastKnownFileType = file.storyboard; name = Base; path = Base.lproj/LaunchScreen.storyboard; sourceTree = "<group>"; };
		77E84A9520C2021600357650 /* Info.plist */ = {isa = PBXFileReference; lastKnownFileType = text.plist.xml; path = Info.plist; sourceTree = "<group>"; };
		77E84A9B20C206B400357650 /* GuessInputViewController.swift */ = {isa = PBXFileReference; lastKnownFileType = sourcecode.swift; path = GuessInputViewController.swift; sourceTree = "<group>"; };
/* End PBXFileReference section */

/* Begin PBXFrameworksBuildPhase section */
		77E84A8020C2021400357650 /* Frameworks */ = {
			isa = PBXFrameworksBuildPhase;
			buildActionMask = 2147483647;
			files = (
			);
			runOnlyForDeploymentPostprocessing = 0;
		};
/* End PBXFrameworksBuildPhase section */

/* Begin PBXGroup section */
		77E84A7A20C2021400357650 = {
			isa = PBXGroup;
			children = (
				77E84A8520C2021400357650 /* RandomNumberDelegate */,
				77E84A8420C2021400357650 /* Products */,
			);
			sourceTree = "<group>";
		};
		77E84A8420C2021400357650 /* Products */ = {
			isa = PBXGroup;
			children = (
				77E84A8320C2021400357650 /* RandomNumberDelegate.app */,
			);
			name = Products;
			sourceTree = "<group>";
		};
		77E84A8520C2021400357650 /* RandomNumberDelegate */ = {
			isa = PBXGroup;
			children = (
				77E84A8620C2021400357650 /* AppDelegate.swift */,
				77E84A8820C2021400357650 /* ViewController.swift */,
				77E84A8A20C2021400357650 /* Main.storyboard */,
				77E84A9020C2021600357650 /* Assets.xcassets */,
				77E84A9220C2021600357650 /* LaunchScreen.storyboard */,
				77E84A9520C2021600357650 /* Info.plist */,
				77E84A8D20C2021400357650 /* RandomNumberDelegate.xcdatamodeld */,
				77E84A9B20C206B400357650 /* GuessInputViewController.swift */,
			);
			path = RandomNumberDelegate;
			sourceTree = "<group>";
		};
/* End PBXGroup section */

/* Begin PBXNativeTarget section */
		77E84A8220C2021400357650 /* RandomNumberDelegate */ = {
			isa = PBXNativeTarget;
			buildConfigurationList = 77E84A9820C2021600357650 /* Build configuration list for PBXNativeTarget "RandomNumberDelegate" */;
			buildPhases = (
				77E84A7F20C2021400357650 /* Sources */,
				77E84A8020C2021400357650 /* Frameworks */,
				77E84A8120C2021400357650 /* Resources */,
			);
			buildRules = (
			);
			dependencies = (
			);
			name = RandomNumberDelegate;
			productName = RandomNumberDelegate;
			productReference = 77E84A8320C2021400357650 /* RandomNumberDelegate.app */;
			productType = "com.apple.product-type.application";
		};
/* End PBXNativeTarget section */

/* Begin PBXProject section */
		77E84A7B20C2021400357650 /* Project object */ = {
			isa = PBXProject;
			attributes = {
				LastSwiftUpdateCheck = 0940;
				LastUpgradeCheck = 0940;
				ORGANIZATIONNAME = "何進";
				TargetAttributes = {
					77E84A8220C2021400357650 = {
						CreatedOnToolsVersion = 9.4;
					};
				};
			};
			buildConfigurationList = 77E84A7E20C2021400357650 /* Build configuration list for PBXProject "RandomNumberDelegate" */;
			compatibilityVersion = "Xcode 9.3";
			developmentRegion = en;
			hasScannedForEncodings = 0;
			knownRegions = (
				en,
				Base,
			);
			mainGroup = 77E84A7A20C2021400357650;
			productRefGroup = 77E84A8420C2021400357650 /* Products */;
			projectDirPath = "";
			projectRoot = "";
			targets = (
				77E84A8220C2021400357650 /* RandomNumberDelegate */,
			);
		};
/* End PBXProject section */

/* Begin PBXResourcesBuildPhase section */
		77E84A8120C2021400357650 /* Resources */ = {
			isa = PBXResourcesBuildPhase;
			buildActionMask = 2147483647;
			files = (
				77E84A9420C2021600357650 /* LaunchScreen.storyboard in Resources */,
				77E84A9120C2021600357650 /* Assets.xcassets in Resources */,
				77E84A8C20C2021400357650 /* Main.storyboard in Resources */,
			);
			runOnlyForDeploymentPostprocessing = 0;
		};
/* End PBXResourcesBuildPhase section */

/* Begin PBXSourcesBuildPhase section */
		77E84A7F20C2021400357650 /* Sources */ = {
			isa = PBXSourcesBuildPhase;
			buildActionMask = 2147483647;
			files = (
				77E84A8F20C2021400357650 /* RandomNumberDelegate.xcdatamodeld in Sources */,
				77E84A8920C2021400357650 /* ViewController.swift in Sources */,
				77E84A8720C2021400357650 /* AppDelegate.swift in Sources */,
				77E84A9C20C206B400357650 /* GuessInputViewController.swift in Sources */,
			);
			runOnlyForDeploymentPostprocessing = 0;
		};
/* End PBXSourcesBuildPhase section */

/* Begin PBXVariantGroup section */
		77E84A8A20C2021400357650 /* Main.storyboard */ = {
			isa = PBXVariantGroup;
			children = (
				77E84A8B20C2021400357650 /* Base */,
			);
			name = Main.storyboard;
			sourceTree = "<group>";
		};
		77E84A9220C2021600357650 /* LaunchScreen.storyboard */ = {
			isa = PBXVariantGroup;
			children = (
				77E84A9320C2021600357650 /* Base */,
			);
			name = LaunchScreen.storyboard;
			sourceTree = "<group>";
		};
/* End PBXVariantGroup section */

/* Begin XCBuildConfiguration section */
		77E84A9620C2021600357650 /* Debug */ = {
			isa = XCBuildConfiguration;
			buildSettings = {
				ALWAYS_SEARCH_USER_PATHS = NO;
				CLANG_ANALYZER_NONNULL = YES;
				CLANG_ANALYZER_NUMBER_OBJECT_CONVERSION = YES_AGGRESSIVE;
				CLANG_CXX_LANGUAGE_STANDARD = "gnu++14";
				CLANG_CXX_LIBRARY = "libc++";
				CLANG_ENABLE_MODULES = YES;
				CLANG_ENABLE_OBJC_ARC = YES;
				CLANG_ENABLE_OBJC_WEAK = YES;
				CLANG_WARN_BLOCK_CAPTURE_AUTORELEASING = YES;
				CLANG_WARN_BOOL_CONVERSION = YES;
				CLANG_WARN_COMMA = YES;
				CLANG_WARN_CONSTANT_CONVERSION = YES;
				CLANG_WARN_DEPRECATED_OBJC_IMPLEMENTATIONS = YES;
				CLANG_WARN_DIRECT_OBJC_ISA_USAGE = YES_ERROR;
				CLANG_WARN_DOCUMENTATION_COMMENTS = YES;
				CLANG_WARN_EMPTY_BODY = YES;
				CLANG_WARN_ENUM_CONVERSION = YES;
				CLANG_WARN_INFINITE_RECURSION = YES;
				CLANG_WARN_INT_CONVERSION = YES;
				CLANG_WARN_NON_LITERAL_NULL_CONVERSION = YES;
				CLANG_WARN_OBJC_IMPLICIT_RETAIN_SELF = YES;
				CLANG_WARN_OBJC_LITERAL_CONVERSION = YES;
				CLANG_WARN_OBJC_ROOT_CLASS = YES_ERROR;
				CLANG_WARN_RANGE_LOOP_ANALYSIS = YES;
				CLANG_WARN_STRICT_PROTOTYPES = YES;
				CLANG_WARN_SUSPICIOUS_MOVE = YES;
				CLANG_WARN_UNGUARDED_AVAILABILITY = YES_AGGRESSIVE;
				CLANG_WARN_UNREACHABLE_CODE = YES;
				CLANG_WARN__DUPLICATE_METHOD_MATCH = YES;
				CODE_SIGN_IDENTITY = "iPhone Developer";
				COPY_PHASE_STRIP = NO;
				DEBUG_INFORMATION_FORMAT = dwarf;
				ENABLE_STRICT_OBJC_MSGSEND = YES;
				ENABLE_TESTABILITY = YES;
				GCC_C_LANGUAGE_STANDARD = gnu11;
				GCC_DYNAMIC_NO_PIC = NO;
				GCC_NO_COMMON_BLOCKS = YES;
				GCC_OPTIMIZATION_LEVEL = 0;
				GCC_PREPROCESSOR_DEFINITIONS = (
					"DEBUG=1",
					"$(inherited)",
				);
				GCC_WARN_64_TO_32_BIT_CONVERSION = YES;
				GCC_WARN_ABOUT_RETURN_TYPE = YES_ERROR;
				GCC_WARN_UNDECLARED_SELECTOR = YES;
				GCC_WARN_UNINITIALIZED_AUTOS = YES_AGGRESSIVE;
				GCC_WARN_UNUSED_FUNCTION = YES;
				GCC_WARN_UNUSED_VARIABLE = YES;
				IPHONEOS_DEPLOYMENT_TARGET = 11.4;
				MTL_ENABLE_DEBUG_INFO = YES;
				ONLY_ACTIVE_ARCH = YES;
				SDKROOT = iphoneos;
				SWIFT_ACTIVE_COMPILATION_CONDITIONS = DEBUG;
				SWIFT_OPTIMIZATION_LEVEL = "-Onone";
			};
			name = Debug;
		};
		77E84A9720C2021600357650 /* Release */ = {
			isa = XCBuildConfiguration;
			buildSettings = {
				ALWAYS_SEARCH_USER_PATHS = NO;
				CLANG_ANALYZER_NONNULL = YES;
				CLANG_ANALYZER_NUMBER_OBJECT_CONVERSION = YES_AGGRESSIVE;
				CLANG_CXX_LANGUAGE_STANDARD = "gnu++14";
				CLANG_CXX_LIBRARY = "libc++";
				CLANG_ENABLE_MODULES = YES;
				CLANG_ENABLE_OBJC_ARC = YES;
				CLANG_ENABLE_OBJC_WEAK = YES;
				CLANG_WARN_BLOCK_CAPTURE_AUTORELEASING = YES;
				CLANG_WARN_BOOL_CONVERSION = YES;
				CLANG_WARN_COMMA = YES;
				CLANG_WARN_CONSTANT_CONVERSION = YES;
				CLANG_WARN_DEPRECATED_OBJC_IMPLEMENTATIONS = YES;
				CLANG_WARN_DIRECT_OBJC_ISA_USAGE = YES_ERROR;
				CLANG_WARN_DOCUMENTATION_COMMENTS = YES;
				CLANG_WARN_EMPTY_BODY = YES;
				CLANG_WARN_ENUM_CONVERSION = YES;
				CLANG_WARN_INFINITE_RECURSION = YES;
				CLANG_WARN_INT_CONVERSION = YES;
				CLANG_WARN_NON_LITERAL_NULL_CONVERSION = YES;
				CLANG_WARN_OBJC_IMPLICIT_RETAIN_SELF = YES;
				CLANG_WARN_OBJC_LITERAL_CONVERSION = YES;
				CLANG_WARN_OBJC_ROOT_CLASS = YES_ERROR;
				CLANG_WARN_RANGE_LOOP_ANALYSIS = YES;
				CLANG_WARN_STRICT_PROTOTYPES = YES;
				CLANG_WARN_SUSPICIOUS_MOVE = YES;
				CLANG_WARN_UNGUARDED_AVAILABILITY = YES_AGGRESSIVE;
				CLANG_WARN_UNREACHABLE_CODE = YES;
				CLANG_WARN__DUPLICATE_METHOD_MATCH = YES;
				CODE_SIGN_IDENTITY = "iPhone Developer";
				COPY_PHASE_STRIP = NO;
				DEBUG_INFORMATION_FORMAT = "dwarf-with-dsym";
				ENABLE_NS_ASSERTIONS = NO;
				ENABLE_STRICT_OBJC_MSGSEND = YES;
				GCC_C_LANGUAGE_STANDARD = gnu11;
				GCC_NO_COMMON_BLOCKS = YES;
				GCC_WARN_64_TO_32_BIT_CONVERSION = YES;
				GCC_WARN_ABOUT_RETURN_TYPE = YES_ERROR;
				GCC_WARN_UNDECLARED_SELECTOR = YES;
				GCC_WARN_UNINITIALIZED_AUTOS = YES_AGGRESSIVE;
				GCC_WARN_UNUSED_FUNCTION = YES;
				GCC_WARN_UNUSED_VARIABLE = YES;
				IPHONEOS_DEPLOYMENT_TARGET = 11.4;
				MTL_ENABLE_DEBUG_INFO = NO;
				SDKROOT = iphoneos;
				SWIFT_COMPILATION_MODE = wholemodule;
				SWIFT_OPTIMIZATION_LEVEL = "-O";
				VALIDATE_PRODUCT = YES;
			};
			name = Release;
		};
		77E84A9920C2021600357650 /* Debug */ = {
			isa = XCBuildConfiguration;
			buildSettings = {
				ASSETCATALOG_COMPILER_APPICON_NAME = AppIcon;
				CODE_SIGN_STYLE = Automatic;
				INFOPLIST_FILE = RandomNumberDelegate/Info.plist;
				LD_RUNPATH_SEARCH_PATHS = (
					"$(inherited)",
					"@executable_path/Frameworks",
				);
				PRODUCT_BUNDLE_IDENTIFIER = org.hejin.RandomNumberDelegate;
				PRODUCT_NAME = "$(TARGET_NAME)";
				SWIFT_VERSION = 4.0;
				TARGETED_DEVICE_FAMILY = "1,2";
			};
			name = Debug;
		};
		77E84A9A20C2021600357650 /* Release */ = {
			isa = XCBuildConfiguration;
			buildSettings = {
				ASSETCATALOG_COMPILER_APPICON_NAME = AppIcon;
				CODE_SIGN_STYLE = Automatic;
				INFOPLIST_FILE = RandomNumberDelegate/Info.plist;
				LD_RUNPATH_SEARCH_PATHS = (
					"$(inherited)",
					"@executable_path/Frameworks",
				);
				PRODUCT_BUNDLE_IDENTIFIER = org.hejin.RandomNumberDelegate;
				PRODUCT_NAME = "$(TARGET_NAME)";
				SWIFT_VERSION = 4.0;
				TARGETED_DEVICE_FAMILY = "1,2";
			};
			name = Release;
		};
/* End XCBuildConfiguration section */

/* Begin XCConfigurationList section */
		77E84A7E20C2021400357650 /* Build configuration list for PBXProject "RandomNumberDelegate" */ = {
			isa = XCConfigurationList;
			buildConfigurations = (
				77E84A9620C2021600357650 /* Debug */,
				77E84A9720C2021600357650 /* Release */,
			);
			defaultConfigurationIsVisible = 0;
			defaultConfigurationName = Release;
		};
		77E84A9820C2021600357650 /* Build configuration list for PBXNativeTarget "RandomNumberDelegate" */ = {
			isa = XCConfigurationList;
			buildConfigurations = (
				77E84A9920C2021600357650 /* Debug */,
				77E84A9A20C2021600357650 /* Release */,
			);
			defaultConfigurationIsVisible = 0;
			defaultConfigurationName = Release;
		};
/* End XCConfigurationList section */

/* Begin XCVersionGroup section */
		77E84A8D20C2021400357650 /* RandomNumberDelegate.xcdatamodeld */ = {
			isa = XCVersionGroup;
			children = (
				77E84A8E20C2021400357650 /* RandomNumberDelegate.xcdatamodel */,
			);
			currentVersion = 77E84A8E20C2021400357650 /* RandomNumberDelegate.xcdatamodel */;
			path = RandomNumberDelegate.xcdatamodeld;
			sourceTree = "<group>";
			versionGroupType = wrapper.xcdatamodel;
		};
/* End XCVersionGroup section */
	};
	rootObject = 77E84A7B20C2021400357650 /* Project object */;
}
